k8s.io/api v0.33.2 h1:YgwIS5jKfA+BZg//OQhkJNIfie/kmRsO0BmNaVSimvY=
k8s.io/api v0.33.2/go.mod h1:fhrbphQJSM2cXzCWgqU29xLDuks4mu7ti9vveEnpSXs=
k8s.io/apimachinery v0.33.2 h1:IHFVhqg59mb8PJWTLi8m1mAoepkUNYmptHsV+Z1m5jY=
k8s.io/apimachinery v0.33.2/go.mod h1:BHW0YOu7n22fFv/JkYOEfkUYNRN0fj0BlvMFWA7b+SM=
